
Microsoft Visual Studio Solution File, Format Version 12.00
# Visual Studio Version 17
VisualStudioVersion = 17.7.34024.191
MinimumVisualStudioVersion = 10.0.40219.1
Project("{FAE04EC0-301F-11D3-BF4B-00C04F79EFBC}") = "WindowsFormsApp1", "WindowsFormsApp1.csproj", "{DA1B2900-9999-4C3E-B9CF-A7B627189D57}"
EndProject
Global
	GlobalSection(SolutionConfigurationPlatforms) = preSolution
		Debug|Any CPU = Debug|Any CPU
		Release|Any CPU = Release|Any CPU
	EndGlobalSection
	GlobalSection(ProjectConfigurationPlatforms) = postSolution
		{DA1B2900-9999-4C3E-B9CF-A7B627189D57}.Debug|Any CPU.ActiveCfg = Debug|Any CPU
		{DA1B2900-9999-4C3E-B9CF-A7B627189D57}.Debug|Any CPU.Build.0 = Debug|Any CPU
		{DA1B2900-9999-4C3E-B9CF-A7B627189D57}.Release|Any CPU.ActiveCfg = Release|Any CPU
		{DA1B2900-9999-4C3E-B9CF-A7B627189D57}.Release|Any CPU.Build.0 = Release|Any CPU
	EndGlobalSection
	GlobalSection(SolutionProperties) = preSolution
		HideSolutionNode = FALSE
	EndGlobalSection
	GlobalSection(ExtensibilityGlobals) = postSolution
		SolutionGuid = {0E289017-3119-4C76-8872-2F5DF607F6BC}
	EndGlobalSection
EndGlobal
